
Microsoft Visual Studio Solution File, Format Version 12.00
# Visual Studio Version 16
VisualStudioVersion = 16.0.31410.357
MinimumVisualStudioVersion = 10.0.40219.1
Project("{2150E333-8FDC-42A3-9474-1A3956D46DE8}") = "00 - SolutionItems", "00 - SolutionItems", "{A89ADECF-DDE0-49C5-929D-69249EC94CCA}"
EndProject
Project("{2150E333-8FDC-42A3-9474-1A3956D46DE8}") = "01 - WebApp", "01 - WebApp", "{0CC51882-F14F-411D-AACB-C15D5B155409}"
EndProject
Project("{2150E333-8FDC-42A3-9474-1A3956D46DE8}") = "02 - API", "02 - API", "{627394C3-FC44-4D50-8A48-C81C05F44CAA}"
EndProject
Project("{9A19103F-16F7-4668-BE54-9A1E7A4F7556}") = "CEM.Web.API", "CEM.Web.API\CEM.Web.API.csproj", "{E2B46C35-EBC0-4949-A908-6A9A84F55A4A}"
EndProject
Project("{2150E333-8FDC-42A3-9474-1A3956D46DE8}") = "Tests", "Tests", "{BA5476E1-F05F-4B69-ADF8-956382690720}"
EndProject
Project("{2150E333-8FDC-42A3-9474-1A3956D46DE8}") = "03 - DAL", "03 - DAL", "{1CB478B2-7EF0-46BA-A04C-EC6D0A922BAA}"
EndProject
Project("{2150E333-8FDC-42A3-9474-1A3956D46DE8}") = "04 - SQLDatabase", "04 - SQLDatabase", "{8F182417-41A0-4429-8F34-C75AC5F35373}"
EndProject
Project("{00D1A9C2-B5F0-4AF3-8072-F6C62B433612}") = "CEM.Database", "CEM.Database\CEM.Database.sqlproj", "{7F1C88A0-4202-40AC-958C-BE75DE281CB8}"
EndProject
Project("{9A19103F-16F7-4668-BE54-9A1E7A4F7556}") = "CEM.Web.App", "CEM.Web.App\CEM.Web.App.csproj", "{896AB296-8E95-43A7-AD81-BF2CE9FFB8D7}"
EndProject
Project("{9A19103F-16F7-4668-BE54-9A1E7A4F7556}") = "CEM.DAL", "CEM.DAL\CEM.DAL.csproj", "{43EBEA4F-6B07-4ABA-B629-DB93578E4263}"
EndProject
Project("{FAE04EC0-301F-11D3-BF4B-00C04F79EFBC}") = "CEM.DAL.Repositories", "CEM.DAL.Repositories\CEM.DAL.Repositories.csproj", "{CD3768C8-30F8-433B-A720-295844EF88D8}"
EndProject
Project("{FAE04EC0-301F-11D3-BF4B-00C04F79EFBC}") = "CEM.DAL.UnitOfWork", "CEM.DAL.UnitOfWork\CEM.DAL.UnitOfWork.csproj", "{83FF1D35-22B0-4440-B4DC-79E67AF6F004}"
EndProject
Global
	GlobalSection(SolutionConfigurationPlatforms) = preSolution
		Debug|Any CPU = Debug|Any CPU
		Release|Any CPU = Release|Any CPU
	EndGlobalSection
	GlobalSection(ProjectConfigurationPlatforms) = postSolution
		{E2B46C35-EBC0-4949-A908-6A9A84F55A4A}.Debug|Any CPU.ActiveCfg = Debug|Any CPU
		{E2B46C35-EBC0-4949-A908-6A9A84F55A4A}.Debug|Any CPU.Build.0 = Debug|Any CPU
		{E2B46C35-EBC0-4949-A908-6A9A84F55A4A}.Release|Any CPU.ActiveCfg = Release|Any CPU
		{E2B46C35-EBC0-4949-A908-6A9A84F55A4A}.Release|Any CPU.Build.0 = Release|Any CPU
		{7F1C88A0-4202-40AC-958C-BE75DE281CB8}.Debug|Any CPU.ActiveCfg = Debug|Any CPU
		{7F1C88A0-4202-40AC-958C-BE75DE281CB8}.Debug|Any CPU.Build.0 = Debug|Any CPU
		{7F1C88A0-4202-40AC-958C-BE75DE281CB8}.Debug|Any CPU.Deploy.0 = Debug|Any CPU
		{7F1C88A0-4202-40AC-958C-BE75DE281CB8}.Release|Any CPU.ActiveCfg = Release|Any CPU
		{7F1C88A0-4202-40AC-958C-BE75DE281CB8}.Release|Any CPU.Build.0 = Release|Any CPU
		{7F1C88A0-4202-40AC-958C-BE75DE281CB8}.Release|Any CPU.Deploy.0 = Release|Any CPU
		{896AB296-8E95-43A7-AD81-BF2CE9FFB8D7}.Debug|Any CPU.ActiveCfg = Debug|Any CPU
		{896AB296-8E95-43A7-AD81-BF2CE9FFB8D7}.Debug|Any CPU.Build.0 = Debug|Any CPU
		{896AB296-8E95-43A7-AD81-BF2CE9FFB8D7}.Release|Any CPU.ActiveCfg = Release|Any CPU
		{896AB296-8E95-43A7-AD81-BF2CE9FFB8D7}.Release|Any CPU.Build.0 = Release|Any CPU
		{43EBEA4F-6B07-4ABA-B629-DB93578E4263}.Debug|Any CPU.ActiveCfg = Debug|Any CPU
		{43EBEA4F-6B07-4ABA-B629-DB93578E4263}.Debug|Any CPU.Build.0 = Debug|Any CPU
		{43EBEA4F-6B07-4ABA-B629-DB93578E4263}.Release|Any CPU.ActiveCfg = Release|Any CPU
		{43EBEA4F-6B07-4ABA-B629-DB93578E4263}.Release|Any CPU.Build.0 = Release|Any CPU
		{CD3768C8-30F8-433B-A720-295844EF88D8}.Debug|Any CPU.ActiveCfg = Debug|Any CPU
		{CD3768C8-30F8-433B-A720-295844EF88D8}.Debug|Any CPU.Build.0 = Debug|Any CPU
		{CD3768C8-30F8-433B-A720-295844EF88D8}.Release|Any CPU.ActiveCfg = Release|Any CPU
		{CD3768C8-30F8-433B-A720-295844EF88D8}.Release|Any CPU.Build.0 = Release|Any CPU
		{83FF1D35-22B0-4440-B4DC-79E67AF6F004}.Debug|Any CPU.ActiveCfg = Debug|Any CPU
		{83FF1D35-22B0-4440-B4DC-79E67AF6F004}.Debug|Any CPU.Build.0 = Debug|Any CPU
		{83FF1D35-22B0-4440-B4DC-79E67AF6F004}.Release|Any CPU.ActiveCfg = Release|Any CPU
		{83FF1D35-22B0-4440-B4DC-79E67AF6F004}.Release|Any CPU.Build.0 = Release|Any CPU
	EndGlobalSection
	GlobalSection(SolutionProperties) = preSolution
		HideSolutionNode = FALSE
	EndGlobalSection
	GlobalSection(NestedProjects) = preSolution
		{E2B46C35-EBC0-4949-A908-6A9A84F55A4A} = {627394C3-FC44-4D50-8A48-C81C05F44CAA}
		{BA5476E1-F05F-4B69-ADF8-956382690720} = {627394C3-FC44-4D50-8A48-C81C05F44CAA}
		{7F1C88A0-4202-40AC-958C-BE75DE281CB8} = {8F182417-41A0-4429-8F34-C75AC5F35373}
		{896AB296-8E95-43A7-AD81-BF2CE9FFB8D7} = {0CC51882-F14F-411D-AACB-C15D5B155409}
		{43EBEA4F-6B07-4ABA-B629-DB93578E4263} = {1CB478B2-7EF0-46BA-A04C-EC6D0A922BAA}
		{CD3768C8-30F8-433B-A720-295844EF88D8} = {1CB478B2-7EF0-46BA-A04C-EC6D0A922BAA}
		{83FF1D35-22B0-4440-B4DC-79E67AF6F004} = {1CB478B2-7EF0-46BA-A04C-EC6D0A922BAA}
	EndGlobalSection
	GlobalSection(ExtensibilityGlobals) = postSolution
		SolutionGuid = {B2247ECF-F303-4DA5-9209-F782E493F2FE}
	EndGlobalSection
EndGlobal
